
Microsoft Visual Studio Solution File, Format Version 12.00
# Visual Studio Version 17
VisualStudioVersion = 17.8.34330.188
MinimumVisualStudioVersion = 10.0.40219.1
Project("{FAE04EC0-301F-11D3-BF4B-00C04F79EFBC}") = "MinMuhasebemD1.Android", "MinMuhasebemD1\MinMuhasebemD1.Android\MinMuhasebemD1.Android.csproj", "{BEFBE9C0-D2B5-4743-A403-AC94A67F6B82}"
EndProject
Project("{FAE04EC0-301F-11D3-BF4B-00C04F79EFBC}") = "MinMuhasebemD1", "MinMuhasebemD1\MinMuhasebemD1\MinMuhasebemD1.csproj", "{E541C593-75F6-4EC2-AE2F-140D3B431AA7}"
EndProject
Global
	GlobalSection(SolutionConfigurationPlatforms) = preSolution
		Debug|Any CPU = Debug|Any CPU
		Release|Any CPU = Release|Any CPU
	EndGlobalSection
	GlobalSection(ProjectConfigurationPlatforms) = postSolution
		{BEFBE9C0-D2B5-4743-A403-AC94A67F6B82}.Debug|Any CPU.ActiveCfg = Debug|Any CPU
		{BEFBE9C0-D2B5-4743-A403-AC94A67F6B82}.Debug|Any CPU.Build.0 = Debug|Any CPU
		{BEFBE9C0-D2B5-4743-A403-AC94A67F6B82}.Debug|Any CPU.Deploy.0 = Debug|Any CPU
		{BEFBE9C0-D2B5-4743-A403-AC94A67F6B82}.Release|Any CPU.ActiveCfg = Release|Any CPU
		{BEFBE9C0-D2B5-4743-A403-AC94A67F6B82}.Release|Any CPU.Build.0 = Release|Any CPU
		{BEFBE9C0-D2B5-4743-A403-AC94A67F6B82}.Release|Any CPU.Deploy.0 = Release|Any CPU
		{E541C593-75F6-4EC2-AE2F-140D3B431AA7}.Debug|Any CPU.ActiveCfg = Debug|Any CPU
		{E541C593-75F6-4EC2-AE2F-140D3B431AA7}.Debug|Any CPU.Build.0 = Debug|Any CPU
		{E541C593-75F6-4EC2-AE2F-140D3B431AA7}.Debug|Any CPU.Deploy.0 = Debug|Any CPU
		{E541C593-75F6-4EC2-AE2F-140D3B431AA7}.Release|Any CPU.ActiveCfg = Release|Any CPU
		{E541C593-75F6-4EC2-AE2F-140D3B431AA7}.Release|Any CPU.Build.0 = Release|Any CPU
		{E541C593-75F6-4EC2-AE2F-140D3B431AA7}.Release|Any CPU.Deploy.0 = Release|Any CPU
	EndGlobalSection
	GlobalSection(SolutionProperties) = preSolution
		HideSolutionNode = FALSE
	EndGlobalSection
	GlobalSection(ExtensibilityGlobals) = postSolution
		SolutionGuid = {91CAB7EC-94C2-455F-AEDA-46E5C1A05852}
	EndGlobalSection
EndGlobal
